
Microsoft Visual Studio Solution File, Format Version 12.00
# Visual Studio 14
VisualStudioVersion = 14.0.25123.0
MinimumVisualStudioVersion = 10.0.40219.1
Project("{FAE04EC0-301F-11D3-BF4B-00C04F79EFBC}") = "Monolith", "Monolith\Monolith.csproj", "{50FB65E6-E115-4197-9D27-C04DCF95145C}"
EndProject
Project("{FAE04EC0-301F-11D3-BF4B-00C04F79EFBC}") = "Unittest", "Unittest\Unittest.csproj", "{05BF1768-ABDE-4488-B419-70E2B648745F}"
EndProject
Project("{2150E333-8FDC-42A3-9474-1A3956D46DE8}") = "Plugins", "Plugins", "{30C91CAA-262F-4B2E-B815-2B5C0C735B6D}"
EndProject
Project("{FAE04EC0-301F-11D3-BF4B-00C04F79EFBC}") = "ConsoleLogger", "Plugins\ConsoleLogger\ConsoleLogger.csproj", "{F0024C91-E0C7-4169-BB84-7E7026FD7A78}"
EndProject
Project("{FAE04EC0-301F-11D3-BF4B-00C04F79EFBC}") = "RandomNumber", "Plugins\RandomNumber\RandomNumber.csproj", "{EB2A85FB-0F6D-400A-8654-361F57FCCD36}"
EndProject
Project("{FAE04EC0-301F-11D3-BF4B-00C04F79EFBC}") = "RestBridge", "Plugins\RestBridge\RestBridge.csproj", "{E3DA9C06-9368-4F6E-8CDC-779AC414D886}"
EndProject
Project("{FAE04EC0-301F-11D3-BF4B-00C04F79EFBC}") = "RuleEngine", "Plugins\RuleEngine\RuleEngine.csproj", "{5096360D-47DF-4BDC-8A17-3758BA05FBE0}"
EndProject
Project("{FAE04EC0-301F-11D3-BF4B-00C04F79EFBC}") = "NexaController", "Plugins\RFBridge\NexaController.csproj", "{668B17C5-D1A3-43A0-AEBE-760DB24F28B3}"
EndProject
Project("{FAE04EC0-301F-11D3-BF4B-00C04F79EFBC}") = "SQLiteStorage", "Plugins\SQLiteStorage\SQLiteStorage.csproj", "{32661E2B-9A6F-4BDC-AFC1-19A1E359A613}"
EndProject
Project("{FAE04EC0-301F-11D3-BF4B-00C04F79EFBC}") = "Obelisk", "Obelisk\Obelisk.csproj", "{8B5A2486-F0CF-4AF7-9A82-9954716FB763}"
EndProject
Project("{FAE04EC0-301F-11D3-BF4B-00C04F79EFBC}") = "Totem", "Totem\Totem.csproj", "{2D7756AB-91CC-4F20-B33E-213001FFB635}"
EndProject
Project("{FAE04EC0-301F-11D3-BF4B-00C04F79EFBC}") = "GenericBindings", "Plugins\GenericBindings\GenericBindings.csproj", "{25988192-3571-434A-9172-B6C1064E23B0}"
EndProject
Project("{FAE04EC0-301F-11D3-BF4B-00C04F79EFBC}") = "StaticConfig", "Plugins\StaticConfig\StaticConfig.csproj", "{261571CC-2411-4A50-BBC2-FC06AE526050}"
EndProject
Project("{FAE04EC0-301F-11D3-BF4B-00C04F79EFBC}") = "Sensory", "Plugins\Sensory\Sensory.csproj", "{C64DA0A6-4613-4F95-B9F7-39FE3D56AA70}"
EndProject
Project("{FAE04EC0-301F-11D3-BF4B-00C04F79EFBC}") = "RestJson", "Plugins\RestJson\RestJson.csproj", "{4DDCB45B-A42A-4D3F-B341-FDE9D1232FEE}"
EndProject
Global
	GlobalSection(SolutionConfigurationPlatforms) = preSolution
		Debug|Any CPU = Debug|Any CPU
		Debug|ARM = Debug|ARM
		Debug|x64 = Debug|x64
		Debug|x86 = Debug|x86
		Release|Any CPU = Release|Any CPU
		Release|ARM = Release|ARM
		Release|x64 = Release|x64
		Release|x86 = Release|x86
	EndGlobalSection
	GlobalSection(ProjectConfigurationPlatforms) = postSolution
		{50FB65E6-E115-4197-9D27-C04DCF95145C}.Debug|Any CPU.ActiveCfg = Debug|Any CPU
		{50FB65E6-E115-4197-9D27-C04DCF95145C}.Debug|Any CPU.Build.0 = Debug|Any CPU
		{50FB65E6-E115-4197-9D27-C04DCF95145C}.Debug|ARM.ActiveCfg = Debug|Any CPU
		{50FB65E6-E115-4197-9D27-C04DCF95145C}.Debug|ARM.Build.0 = Debug|Any CPU
		{50FB65E6-E115-4197-9D27-C04DCF95145C}.Debug|x64.ActiveCfg = Debug|Any CPU
		{50FB65E6-E115-4197-9D27-C04DCF95145C}.Debug|x64.Build.0 = Debug|Any CPU
		{50FB65E6-E115-4197-9D27-C04DCF95145C}.Debug|x86.ActiveCfg = Debug|Any CPU
		{50FB65E6-E115-4197-9D27-C04DCF95145C}.Debug|x86.Build.0 = Debug|Any CPU
		{50FB65E6-E115-4197-9D27-C04DCF95145C}.Release|Any CPU.ActiveCfg = Release|Any CPU
		{50FB65E6-E115-4197-9D27-C04DCF95145C}.Release|Any CPU.Build.0 = Release|Any CPU
		{50FB65E6-E115-4197-9D27-C04DCF95145C}.Release|ARM.ActiveCfg = Release|Any CPU
		{50FB65E6-E115-4197-9D27-C04DCF95145C}.Release|ARM.Build.0 = Release|Any CPU
		{50FB65E6-E115-4197-9D27-C04DCF95145C}.Release|x64.ActiveCfg = Release|Any CPU
		{50FB65E6-E115-4197-9D27-C04DCF95145C}.Release|x64.Build.0 = Release|Any CPU
		{50FB65E6-E115-4197-9D27-C04DCF95145C}.Release|x86.ActiveCfg = Release|Any CPU
		{50FB65E6-E115-4197-9D27-C04DCF95145C}.Release|x86.Build.0 = Release|Any CPU
		{05BF1768-ABDE-4488-B419-70E2B648745F}.Debug|Any CPU.ActiveCfg = Debug|Any CPU
		{05BF1768-ABDE-4488-B419-70E2B648745F}.Debug|Any CPU.Build.0 = Debug|Any CPU
		{05BF1768-ABDE-4488-B419-70E2B648745F}.Debug|ARM.ActiveCfg = Debug|Any CPU
		{05BF1768-ABDE-4488-B419-70E2B648745F}.Debug|ARM.Build.0 = Debug|Any CPU
		{05BF1768-ABDE-4488-B419-70E2B648745F}.Debug|x64.ActiveCfg = Debug|Any CPU
		{05BF1768-ABDE-4488-B419-70E2B648745F}.Debug|x64.Build.0 = Debug|Any CPU
		{05BF1768-ABDE-4488-B419-70E2B648745F}.Debug|x86.ActiveCfg = Debug|Any CPU
		{05BF1768-ABDE-4488-B419-70E2B648745F}.Debug|x86.Build.0 = Debug|Any CPU
		{05BF1768-ABDE-4488-B419-70E2B648745F}.Release|Any CPU.ActiveCfg = Release|Any CPU
		{05BF1768-ABDE-4488-B419-70E2B648745F}.Release|Any CPU.Build.0 = Release|Any CPU
		{05BF1768-ABDE-4488-B419-70E2B648745F}.Release|ARM.ActiveCfg = Release|Any CPU
		{05BF1768-ABDE-4488-B419-70E2B648745F}.Release|ARM.Build.0 = Release|Any CPU
		{05BF1768-ABDE-4488-B419-70E2B648745F}.Release|x64.ActiveCfg = Release|Any CPU
		{05BF1768-ABDE-4488-B419-70E2B648745F}.Release|x64.Build.0 = Release|Any CPU
		{05BF1768-ABDE-4488-B419-70E2B648745F}.Release|x86.ActiveCfg = Release|Any CPU
		{05BF1768-ABDE-4488-B419-70E2B648745F}.Release|x86.Build.0 = Release|Any CPU
		{F0024C91-E0C7-4169-BB84-7E7026FD7A78}.Debug|Any CPU.ActiveCfg = Debug|Any CPU
		{F0024C91-E0C7-4169-BB84-7E7026FD7A78}.Debug|Any CPU.Build.0 = Debug|Any CPU
		{F0024C91-E0C7-4169-BB84-7E7026FD7A78}.Debug|ARM.ActiveCfg = Debug|Any CPU
		{F0024C91-E0C7-4169-BB84-7E7026FD7A78}.Debug|ARM.Build.0 = Debug|Any CPU
		{F0024C91-E0C7-4169-BB84-7E7026FD7A78}.Debug|x64.ActiveCfg = Debug|Any CPU
		{F0024C91-E0C7-4169-BB84-7E7026FD7A78}.Debug|x64.Build.0 = Debug|Any CPU
		{F0024C91-E0C7-4169-BB84-7E7026FD7A78}.Debug|x86.ActiveCfg = Debug|Any CPU
		{F0024C91-E0C7-4169-BB84-7E7026FD7A78}.Debug|x86.Build.0 = Debug|Any CPU
		{F0024C91-E0C7-4169-BB84-7E7026FD7A78}.Release|Any CPU.ActiveCfg = Release|Any CPU
		{F0024C91-E0C7-4169-BB84-7E7026FD7A78}.Release|Any CPU.Build.0 = Release|Any CPU
		{F0024C91-E0C7-4169-BB84-7E7026FD7A78}.Release|ARM.ActiveCfg = Release|Any CPU
		{F0024C91-E0C7-4169-BB84-7E7026FD7A78}.Release|ARM.Build.0 = Release|Any CPU
		{F0024C91-E0C7-4169-BB84-7E7026FD7A78}.Release|x64.ActiveCfg = Release|Any CPU
		{F0024C91-E0C7-4169-BB84-7E7026FD7A78}.Release|x64.Build.0 = Release|Any CPU
		{F0024C91-E0C7-4169-BB84-7E7026FD7A78}.Release|x86.ActiveCfg = Release|Any CPU
		{F0024C91-E0C7-4169-BB84-7E7026FD7A78}.Release|x86.Build.0 = Release|Any CPU
		{EB2A85FB-0F6D-400A-8654-361F57FCCD36}.Debug|Any CPU.ActiveCfg = Debug|Any CPU
		{EB2A85FB-0F6D-400A-8654-361F57FCCD36}.Debug|Any CPU.Build.0 = Debug|Any CPU
		{EB2A85FB-0F6D-400A-8654-361F57FCCD36}.Debug|ARM.ActiveCfg = Debug|Any CPU
		{EB2A85FB-0F6D-400A-8654-361F57FCCD36}.Debug|ARM.Build.0 = Debug|Any CPU
		{EB2A85FB-0F6D-400A-8654-361F57FCCD36}.Debug|x64.ActiveCfg = Debug|Any CPU
		{EB2A85FB-0F6D-400A-8654-361F57FCCD36}.Debug|x64.Build.0 = Debug|Any CPU
		{EB2A85FB-0F6D-400A-8654-361F57FCCD36}.Debug|x86.ActiveCfg = Debug|Any CPU
		{EB2A85FB-0F6D-400A-8654-361F57FCCD36}.Debug|x86.Build.0 = Debug|Any CPU
		{EB2A85FB-0F6D-400A-8654-361F57FCCD36}.Release|Any CPU.ActiveCfg = Release|Any CPU
		{EB2A85FB-0F6D-400A-8654-361F57FCCD36}.Release|Any CPU.Build.0 = Release|Any CPU
		{EB2A85FB-0F6D-400A-8654-361F57FCCD36}.Release|ARM.ActiveCfg = Release|Any CPU
		{EB2A85FB-0F6D-400A-8654-361F57FCCD36}.Release|ARM.Build.0 = Release|Any CPU
		{EB2A85FB-0F6D-400A-8654-361F57FCCD36}.Release|x64.ActiveCfg = Release|Any CPU
		{EB2A85FB-0F6D-400A-8654-361F57FCCD36}.Release|x64.Build.0 = Release|Any CPU
		{EB2A85FB-0F6D-400A-8654-361F57FCCD36}.Release|x86.ActiveCfg = Release|Any CPU
		{EB2A85FB-0F6D-400A-8654-361F57FCCD36}.Release|x86.Build.0 = Release|Any CPU
		{E3DA9C06-9368-4F6E-8CDC-779AC414D886}.Debug|Any CPU.ActiveCfg = Debug|Any CPU
		{E3DA9C06-9368-4F6E-8CDC-779AC414D886}.Debug|Any CPU.Build.0 = Debug|Any CPU
		{E3DA9C06-9368-4F6E-8CDC-779AC414D886}.Debug|ARM.ActiveCfg = Debug|Any CPU
		{E3DA9C06-9368-4F6E-8CDC-779AC414D886}.Debug|ARM.Build.0 = Debug|Any CPU
		{E3DA9C06-9368-4F6E-8CDC-779AC414D886}.Debug|x64.ActiveCfg = Debug|Any CPU
		{E3DA9C06-9368-4F6E-8CDC-779AC414D886}.Debug|x64.Build.0 = Debug|Any CPU
		{E3DA9C06-9368-4F6E-8CDC-779AC414D886}.Debug|x86.ActiveCfg = Debug|Any CPU
		{E3DA9C06-9368-4F6E-8CDC-779AC414D886}.Debug|x86.Build.0 = Debug|Any CPU
		{E3DA9C06-9368-4F6E-8CDC-779AC414D886}.Release|Any CPU.ActiveCfg = Release|Any CPU
		{E3DA9C06-9368-4F6E-8CDC-779AC414D886}.Release|Any CPU.Build.0 = Release|Any CPU
		{E3DA9C06-9368-4F6E-8CDC-779AC414D886}.Release|ARM.ActiveCfg = Release|Any CPU
		{E3DA9C06-9368-4F6E-8CDC-779AC414D886}.Release|ARM.Build.0 = Release|Any CPU
		{E3DA9C06-9368-4F6E-8CDC-779AC414D886}.Release|x64.ActiveCfg = Release|Any CPU
		{E3DA9C06-9368-4F6E-8CDC-779AC414D886}.Release|x64.Build.0 = Release|Any CPU
		{E3DA9C06-9368-4F6E-8CDC-779AC414D886}.Release|x86.ActiveCfg = Release|Any CPU
		{E3DA9C06-9368-4F6E-8CDC-779AC414D886}.Release|x86.Build.0 = Release|Any CPU
		{5096360D-47DF-4BDC-8A17-3758BA05FBE0}.Debug|Any CPU.ActiveCfg = Debug|Any CPU
		{5096360D-47DF-4BDC-8A17-3758BA05FBE0}.Debug|Any CPU.Build.0 = Debug|Any CPU
		{5096360D-47DF-4BDC-8A17-3758BA05FBE0}.Debug|ARM.ActiveCfg = Debug|Any CPU
		{5096360D-47DF-4BDC-8A17-3758BA05FBE0}.Debug|ARM.Build.0 = Debug|Any CPU
		{5096360D-47DF-4BDC-8A17-3758BA05FBE0}.Debug|x64.ActiveCfg = Debug|Any CPU
		{5096360D-47DF-4BDC-8A17-3758BA05FBE0}.Debug|x64.Build.0 = Debug|Any CPU
		{5096360D-47DF-4BDC-8A17-3758BA05FBE0}.Debug|x86.ActiveCfg = Debug|Any CPU
		{5096360D-47DF-4BDC-8A17-3758BA05FBE0}.Debug|x86.Build.0 = Debug|Any CPU
		{5096360D-47DF-4BDC-8A17-3758BA05FBE0}.Release|Any CPU.ActiveCfg = Release|Any CPU
		{5096360D-47DF-4BDC-8A17-3758BA05FBE0}.Release|Any CPU.Build.0 = Release|Any CPU
		{5096360D-47DF-4BDC-8A17-3758BA05FBE0}.Release|ARM.ActiveCfg = Release|Any CPU
		{5096360D-47DF-4BDC-8A17-3758BA05FBE0}.Release|ARM.Build.0 = Release|Any CPU
		{5096360D-47DF-4BDC-8A17-3758BA05FBE0}.Release|x64.ActiveCfg = Release|Any CPU
		{5096360D-47DF-4BDC-8A17-3758BA05FBE0}.Release|x64.Build.0 = Release|Any CPU
		{5096360D-47DF-4BDC-8A17-3758BA05FBE0}.Release|x86.ActiveCfg = Release|Any CPU
		{5096360D-47DF-4BDC-8A17-3758BA05FBE0}.Release|x86.Build.0 = Release|Any CPU
		{668B17C5-D1A3-43A0-AEBE-760DB24F28B3}.Debug|Any CPU.ActiveCfg = Debug|Any CPU
		{668B17C5-D1A3-43A0-AEBE-760DB24F28B3}.Debug|Any CPU.Build.0 = Debug|Any CPU
		{668B17C5-D1A3-43A0-AEBE-760DB24F28B3}.Debug|ARM.ActiveCfg = Debug|Any CPU
		{668B17C5-D1A3-43A0-AEBE-760DB24F28B3}.Debug|ARM.Build.0 = Debug|Any CPU
		{668B17C5-D1A3-43A0-AEBE-760DB24F28B3}.Debug|x64.ActiveCfg = Debug|Any CPU
		{668B17C5-D1A3-43A0-AEBE-760DB24F28B3}.Debug|x64.Build.0 = Debug|Any CPU
		{668B17C5-D1A3-43A0-AEBE-760DB24F28B3}.Debug|x86.ActiveCfg = Debug|Any CPU
		{668B17C5-D1A3-43A0-AEBE-760DB24F28B3}.Debug|x86.Build.0 = Debug|Any CPU
		{668B17C5-D1A3-43A0-AEBE-760DB24F28B3}.Release|Any CPU.ActiveCfg = Release|Any CPU
		{668B17C5-D1A3-43A0-AEBE-760DB24F28B3}.Release|Any CPU.Build.0 = Release|Any CPU
		{668B17C5-D1A3-43A0-AEBE-760DB24F28B3}.Release|ARM.ActiveCfg = Release|Any CPU
		{668B17C5-D1A3-43A0-AEBE-760DB24F28B3}.Release|ARM.Build.0 = Release|Any CPU
		{668B17C5-D1A3-43A0-AEBE-760DB24F28B3}.Release|x64.ActiveCfg = Release|Any CPU
		{668B17C5-D1A3-43A0-AEBE-760DB24F28B3}.Release|x64.Build.0 = Release|Any CPU
		{668B17C5-D1A3-43A0-AEBE-760DB24F28B3}.Release|x86.ActiveCfg = Release|Any CPU
		{668B17C5-D1A3-43A0-AEBE-760DB24F28B3}.Release|x86.Build.0 = Release|Any CPU
		{32661E2B-9A6F-4BDC-AFC1-19A1E359A613}.Debug|Any CPU.ActiveCfg = Debug|Any CPU
		{32661E2B-9A6F-4BDC-AFC1-19A1E359A613}.Debug|Any CPU.Build.0 = Debug|Any CPU
		{32661E2B-9A6F-4BDC-AFC1-19A1E359A613}.Debug|ARM.ActiveCfg = Debug|Any CPU
		{32661E2B-9A6F-4BDC-AFC1-19A1E359A613}.Debug|ARM.Build.0 = Debug|Any CPU
		{32661E2B-9A6F-4BDC-AFC1-19A1E359A613}.Debug|x64.ActiveCfg = Debug|Any CPU
		{32661E2B-9A6F-4BDC-AFC1-19A1E359A613}.Debug|x64.Build.0 = Debug|Any CPU
		{32661E2B-9A6F-4BDC-AFC1-19A1E359A613}.Debug|x86.ActiveCfg = Debug|Any CPU
		{32661E2B-9A6F-4BDC-AFC1-19A1E359A613}.Debug|x86.Build.0 = Debug|Any CPU
		{32661E2B-9A6F-4BDC-AFC1-19A1E359A613}.Release|Any CPU.ActiveCfg = Release|Any CPU
		{32661E2B-9A6F-4BDC-AFC1-19A1E359A613}.Release|Any CPU.Build.0 = Release|Any CPU
		{32661E2B-9A6F-4BDC-AFC1-19A1E359A613}.Release|ARM.ActiveCfg = Release|Any CPU
		{32661E2B-9A6F-4BDC-AFC1-19A1E359A613}.Release|ARM.Build.0 = Release|Any CPU
		{32661E2B-9A6F-4BDC-AFC1-19A1E359A613}.Release|x64.ActiveCfg = Release|Any CPU
		{32661E2B-9A6F-4BDC-AFC1-19A1E359A613}.Release|x64.Build.0 = Release|Any CPU
		{32661E2B-9A6F-4BDC-AFC1-19A1E359A613}.Release|x86.ActiveCfg = Release|Any CPU
		{32661E2B-9A6F-4BDC-AFC1-19A1E359A613}.Release|x86.Build.0 = Release|Any CPU
		{8B5A2486-F0CF-4AF7-9A82-9954716FB763}.Debug|Any CPU.ActiveCfg = Debug|x86
		{8B5A2486-F0CF-4AF7-9A82-9954716FB763}.Debug|ARM.ActiveCfg = Debug|ARM
		{8B5A2486-F0CF-4AF7-9A82-9954716FB763}.Debug|ARM.Build.0 = Debug|ARM
		{8B5A2486-F0CF-4AF7-9A82-9954716FB763}.Debug|ARM.Deploy.0 = Debug|ARM
		{8B5A2486-F0CF-4AF7-9A82-9954716FB763}.Debug|x64.ActiveCfg = Debug|x64
		{8B5A2486-F0CF-4AF7-9A82-9954716FB763}.Debug|x64.Build.0 = Debug|x64
		{8B5A2486-F0CF-4AF7-9A82-9954716FB763}.Debug|x64.Deploy.0 = Debug|x64
		{8B5A2486-F0CF-4AF7-9A82-9954716FB763}.Debug|x86.ActiveCfg = Debug|x86
		{8B5A2486-F0CF-4AF7-9A82-9954716FB763}.Debug|x86.Build.0 = Debug|x86
		{8B5A2486-F0CF-4AF7-9A82-9954716FB763}.Debug|x86.Deploy.0 = Debug|x86
		{8B5A2486-F0CF-4AF7-9A82-9954716FB763}.Release|Any CPU.ActiveCfg = Release|x86
		{8B5A2486-F0CF-4AF7-9A82-9954716FB763}.Release|ARM.ActiveCfg = Release|ARM
		{8B5A2486-F0CF-4AF7-9A82-9954716FB763}.Release|ARM.Build.0 = Release|ARM
		{8B5A2486-F0CF-4AF7-9A82-9954716FB763}.Release|ARM.Deploy.0 = Release|ARM
		{8B5A2486-F0CF-4AF7-9A82-9954716FB763}.Release|x64.ActiveCfg = Release|x64
		{8B5A2486-F0CF-4AF7-9A82-9954716FB763}.Release|x64.Build.0 = Release|x64
		{8B5A2486-F0CF-4AF7-9A82-9954716FB763}.Release|x64.Deploy.0 = Release|x64
		{8B5A2486-F0CF-4AF7-9A82-9954716FB763}.Release|x86.ActiveCfg = Release|x86
		{8B5A2486-F0CF-4AF7-9A82-9954716FB763}.Release|x86.Build.0 = Release|x86
		{8B5A2486-F0CF-4AF7-9A82-9954716FB763}.Release|x86.Deploy.0 = Release|x86
		{2D7756AB-91CC-4F20-B33E-213001FFB635}.Debug|Any CPU.ActiveCfg = Debug|Any CPU
		{2D7756AB-91CC-4F20-B33E-213001FFB635}.Debug|Any CPU.Build.0 = Debug|Any CPU
		{2D7756AB-91CC-4F20-B33E-213001FFB635}.Debug|ARM.ActiveCfg = Debug|Any CPU
		{2D7756AB-91CC-4F20-B33E-213001FFB635}.Debug|ARM.Build.0 = Debug|Any CPU
		{2D7756AB-91CC-4F20-B33E-213001FFB635}.Debug|x64.ActiveCfg = Debug|Any CPU
		{2D7756AB-91CC-4F20-B33E-213001FFB635}.Debug|x64.Build.0 = Debug|Any CPU
		{2D7756AB-91CC-4F20-B33E-213001FFB635}.Debug|x86.ActiveCfg = Debug|Any CPU
		{2D7756AB-91CC-4F20-B33E-213001FFB635}.Debug|x86.Build.0 = Debug|Any CPU
		{2D7756AB-91CC-4F20-B33E-213001FFB635}.Release|Any CPU.ActiveCfg = Release|Any CPU
		{2D7756AB-91CC-4F20-B33E-213001FFB635}.Release|Any CPU.Build.0 = Release|Any CPU
		{2D7756AB-91CC-4F20-B33E-213001FFB635}.Release|ARM.ActiveCfg = Release|Any CPU
		{2D7756AB-91CC-4F20-B33E-213001FFB635}.Release|ARM.Build.0 = Release|Any CPU
		{2D7756AB-91CC-4F20-B33E-213001FFB635}.Release|x64.ActiveCfg = Release|Any CPU
		{2D7756AB-91CC-4F20-B33E-213001FFB635}.Release|x64.Build.0 = Release|Any CPU
		{2D7756AB-91CC-4F20-B33E-213001FFB635}.Release|x86.ActiveCfg = Release|Any CPU
		{2D7756AB-91CC-4F20-B33E-213001FFB635}.Release|x86.Build.0 = Release|Any CPU
		{25988192-3571-434A-9172-B6C1064E23B0}.Debug|Any CPU.ActiveCfg = Debug|Any CPU
		{25988192-3571-434A-9172-B6C1064E23B0}.Debug|Any CPU.Build.0 = Debug|Any CPU
		{25988192-3571-434A-9172-B6C1064E23B0}.Debug|ARM.ActiveCfg = Debug|Any CPU
		{25988192-3571-434A-9172-B6C1064E23B0}.Debug|ARM.Build.0 = Debug|Any CPU
		{25988192-3571-434A-9172-B6C1064E23B0}.Debug|x64.ActiveCfg = Debug|Any CPU
		{25988192-3571-434A-9172-B6C1064E23B0}.Debug|x64.Build.0 = Debug|Any CPU
		{25988192-3571-434A-9172-B6C1064E23B0}.Debug|x86.ActiveCfg = Debug|Any CPU
		{25988192-3571-434A-9172-B6C1064E23B0}.Debug|x86.Build.0 = Debug|Any CPU
		{25988192-3571-434A-9172-B6C1064E23B0}.Release|Any CPU.ActiveCfg = Release|Any CPU
		{25988192-3571-434A-9172-B6C1064E23B0}.Release|Any CPU.Build.0 = Release|Any CPU
		{25988192-3571-434A-9172-B6C1064E23B0}.Release|ARM.ActiveCfg = Release|Any CPU
		{25988192-3571-434A-9172-B6C1064E23B0}.Release|ARM.Build.0 = Release|Any CPU
		{25988192-3571-434A-9172-B6C1064E23B0}.Release|x64.ActiveCfg = Release|Any CPU
		{25988192-3571-434A-9172-B6C1064E23B0}.Release|x64.Build.0 = Release|Any CPU
		{25988192-3571-434A-9172-B6C1064E23B0}.Release|x86.ActiveCfg = Release|Any CPU
		{25988192-3571-434A-9172-B6C1064E23B0}.Release|x86.Build.0 = Release|Any CPU
		{261571CC-2411-4A50-BBC2-FC06AE526050}.Debug|Any CPU.ActiveCfg = Debug|Any CPU
		{261571CC-2411-4A50-BBC2-FC06AE526050}.Debug|Any CPU.Build.0 = Debug|Any CPU
		{261571CC-2411-4A50-BBC2-FC06AE526050}.Debug|ARM.ActiveCfg = Debug|Any CPU
		{261571CC-2411-4A50-BBC2-FC06AE526050}.Debug|ARM.Build.0 = Debug|Any CPU
		{261571CC-2411-4A50-BBC2-FC06AE526050}.Debug|x64.ActiveCfg = Debug|Any CPU
		{261571CC-2411-4A50-BBC2-FC06AE526050}.Debug|x64.Build.0 = Debug|Any CPU
		{261571CC-2411-4A50-BBC2-FC06AE526050}.Debug|x86.ActiveCfg = Debug|Any CPU
		{261571CC-2411-4A50-BBC2-FC06AE526050}.Debug|x86.Build.0 = Debug|Any CPU
		{261571CC-2411-4A50-BBC2-FC06AE526050}.Release|Any CPU.ActiveCfg = Release|Any CPU
		{261571CC-2411-4A50-BBC2-FC06AE526050}.Release|Any CPU.Build.0 = Release|Any CPU
		{261571CC-2411-4A50-BBC2-FC06AE526050}.Release|ARM.ActiveCfg = Release|Any CPU
		{261571CC-2411-4A50-BBC2-FC06AE526050}.Release|ARM.Build.0 = Release|Any CPU
		{261571CC-2411-4A50-BBC2-FC06AE526050}.Release|x64.ActiveCfg = Release|Any CPU
		{261571CC-2411-4A50-BBC2-FC06AE526050}.Release|x64.Build.0 = Release|Any CPU
		{261571CC-2411-4A50-BBC2-FC06AE526050}.Release|x86.ActiveCfg = Release|Any CPU
		{261571CC-2411-4A50-BBC2-FC06AE526050}.Release|x86.Build.0 = Release|Any CPU
		{C64DA0A6-4613-4F95-B9F7-39FE3D56AA70}.Debug|Any CPU.ActiveCfg = Debug|Any CPU
		{C64DA0A6-4613-4F95-B9F7-39FE3D56AA70}.Debug|Any CPU.Build.0 = Debug|Any CPU
		{C64DA0A6-4613-4F95-B9F7-39FE3D56AA70}.Debug|ARM.ActiveCfg = Debug|Any CPU
		{C64DA0A6-4613-4F95-B9F7-39FE3D56AA70}.Debug|ARM.Build.0 = Debug|Any CPU
		{C64DA0A6-4613-4F95-B9F7-39FE3D56AA70}.Debug|x64.ActiveCfg = Debug|Any CPU
		{C64DA0A6-4613-4F95-B9F7-39FE3D56AA70}.Debug|x64.Build.0 = Debug|Any CPU
		{C64DA0A6-4613-4F95-B9F7-39FE3D56AA70}.Debug|x86.ActiveCfg = Debug|Any CPU
		{C64DA0A6-4613-4F95-B9F7-39FE3D56AA70}.Debug|x86.Build.0 = Debug|Any CPU
		{C64DA0A6-4613-4F95-B9F7-39FE3D56AA70}.Release|Any CPU.ActiveCfg = Release|Any CPU
		{C64DA0A6-4613-4F95-B9F7-39FE3D56AA70}.Release|Any CPU.Build.0 = Release|Any CPU
		{C64DA0A6-4613-4F95-B9F7-39FE3D56AA70}.Release|ARM.ActiveCfg = Release|Any CPU
		{C64DA0A6-4613-4F95-B9F7-39FE3D56AA70}.Release|ARM.Build.0 = Release|Any CPU
		{C64DA0A6-4613-4F95-B9F7-39FE3D56AA70}.Release|x64.ActiveCfg = Release|Any CPU
		{C64DA0A6-4613-4F95-B9F7-39FE3D56AA70}.Release|x64.Build.0 = Release|Any CPU
		{C64DA0A6-4613-4F95-B9F7-39FE3D56AA70}.Release|x86.ActiveCfg = Release|Any CPU
		{C64DA0A6-4613-4F95-B9F7-39FE3D56AA70}.Release|x86.Build.0 = Release|Any CPU
		{4DDCB45B-A42A-4D3F-B341-FDE9D1232FEE}.Debug|Any CPU.ActiveCfg = Debug|Any CPU
		{4DDCB45B-A42A-4D3F-B341-FDE9D1232FEE}.Debug|Any CPU.Build.0 = Debug|Any CPU
		{4DDCB45B-A42A-4D3F-B341-FDE9D1232FEE}.Debug|ARM.ActiveCfg = Debug|Any CPU
		{4DDCB45B-A42A-4D3F-B341-FDE9D1232FEE}.Debug|ARM.Build.0 = Debug|Any CPU
		{4DDCB45B-A42A-4D3F-B341-FDE9D1232FEE}.Debug|x64.ActiveCfg = Debug|Any CPU
		{4DDCB45B-A42A-4D3F-B341-FDE9D1232FEE}.Debug|x64.Build.0 = Debug|Any CPU
		{4DDCB45B-A42A-4D3F-B341-FDE9D1232FEE}.Debug|x86.ActiveCfg = Debug|Any CPU
		{4DDCB45B-A42A-4D3F-B341-FDE9D1232FEE}.Debug|x86.Build.0 = Debug|Any CPU
		{4DDCB45B-A42A-4D3F-B341-FDE9D1232FEE}.Release|Any CPU.ActiveCfg = Release|Any CPU
		{4DDCB45B-A42A-4D3F-B341-FDE9D1232FEE}.Release|Any CPU.Build.0 = Release|Any CPU
		{4DDCB45B-A42A-4D3F-B341-FDE9D1232FEE}.Release|ARM.ActiveCfg = Release|Any CPU
		{4DDCB45B-A42A-4D3F-B341-FDE9D1232FEE}.Release|ARM.Build.0 = Release|Any CPU
		{4DDCB45B-A42A-4D3F-B341-FDE9D1232FEE}.Release|x64.ActiveCfg = Release|Any CPU
		{4DDCB45B-A42A-4D3F-B341-FDE9D1232FEE}.Release|x64.Build.0 = Release|Any CPU
		{4DDCB45B-A42A-4D3F-B341-FDE9D1232FEE}.Release|x86.ActiveCfg = Release|Any CPU
		{4DDCB45B-A42A-4D3F-B341-FDE9D1232FEE}.Release|x86.Build.0 = Release|Any CPU
	EndGlobalSection
	GlobalSection(SolutionProperties) = preSolution
		HideSolutionNode = FALSE
	EndGlobalSection
	GlobalSection(NestedProjects) = preSolution
		{F0024C91-E0C7-4169-BB84-7E7026FD7A78} = {30C91CAA-262F-4B2E-B815-2B5C0C735B6D}
		{EB2A85FB-0F6D-400A-8654-361F57FCCD36} = {30C91CAA-262F-4B2E-B815-2B5C0C735B6D}
		{E3DA9C06-9368-4F6E-8CDC-779AC414D886} = {30C91CAA-262F-4B2E-B815-2B5C0C735B6D}
		{5096360D-47DF-4BDC-8A17-3758BA05FBE0} = {30C91CAA-262F-4B2E-B815-2B5C0C735B6D}
		{668B17C5-D1A3-43A0-AEBE-760DB24F28B3} = {30C91CAA-262F-4B2E-B815-2B5C0C735B6D}
		{32661E2B-9A6F-4BDC-AFC1-19A1E359A613} = {30C91CAA-262F-4B2E-B815-2B5C0C735B6D}
		{25988192-3571-434A-9172-B6C1064E23B0} = {30C91CAA-262F-4B2E-B815-2B5C0C735B6D}
		{261571CC-2411-4A50-BBC2-FC06AE526050} = {30C91CAA-262F-4B2E-B815-2B5C0C735B6D}
		{C64DA0A6-4613-4F95-B9F7-39FE3D56AA70} = {30C91CAA-262F-4B2E-B815-2B5C0C735B6D}
		{4DDCB45B-A42A-4D3F-B341-FDE9D1232FEE} = {30C91CAA-262F-4B2E-B815-2B5C0C735B6D}
	EndGlobalSection
EndGlobal
